
Microsoft Visual Studio Solution File, Format Version 12.00
# Visual Studio Version 16
VisualStudioVersion = 16.0.31112.23
MinimumVisualStudioVersion = 10.0.40219.1
Project("{FAE04EC0-301F-11D3-BF4B-00C04F79EFBC}") = "SalesWebMvcApp", "SalesWebMvcApp\SalesWebMvcApp.csproj", "{656518D0-9645-48AE-A938-04D201B1AF84}"
EndProject
Global
	GlobalSection(SolutionConfigurationPlatforms) = preSolution
		Debug|Any CPU = Debug|Any CPU
		Release|Any CPU = Release|Any CPU
	EndGlobalSection
	GlobalSection(ProjectConfigurationPlatforms) = postSolution
		{656518D0-9645-48AE-A938-04D201B1AF84}.Debug|Any CPU.ActiveCfg = Debug|Any CPU
		{656518D0-9645-48AE-A938-04D201B1AF84}.Debug|Any CPU.Build.0 = Debug|Any CPU
		{656518D0-9645-48AE-A938-04D201B1AF84}.Release|Any CPU.ActiveCfg = Release|Any CPU
		{656518D0-9645-48AE-A938-04D201B1AF84}.Release|Any CPU.Build.0 = Release|Any CPU
	EndGlobalSection
	GlobalSection(SolutionProperties) = preSolution
		HideSolutionNode = FALSE
	EndGlobalSection
	GlobalSection(ExtensibilityGlobals) = postSolution
		SolutionGuid = {FA10A971-C3F2-4756-BEFD-F38C01BFDD4F}
	EndGlobalSection
EndGlobal
